
Microsoft Visual Studio Solution File, Format Version 12.00
# Visual Studio 2012
Project("{FAE04EC0-301F-11D3-BF4B-00C04F79EFBC}") = "WindowsFormsApplication1", "WindowsFormsApplication1\WindowsFormsApplication1.csproj", "{6109BF8A-F7BF-49CE-9A79-3966F3C5C318}"
EndProject
Global
	GlobalSection(SolutionConfigurationPlatforms) = preSolution
		Debug|Any CPU = Debug|Any CPU
		Release|Any CPU = Release|Any CPU
	EndGlobalSection
	GlobalSection(ProjectConfigurationPlatforms) = postSolution
		{6109BF8A-F7BF-49CE-9A79-3966F3C5C318}.Debug|Any CPU.ActiveCfg = Debug|Any CPU
		{6109BF8A-F7BF-49CE-9A79-3966F3C5C318}.Debug|Any CPU.Build.0 = Debug|Any CPU
		{6109BF8A-F7BF-49CE-9A79-3966F3C5C318}.Release|Any CPU.ActiveCfg = Release|Any CPU
		{6109BF8A-F7BF-49CE-9A79-3966F3C5C318}.Release|Any CPU.Build.0 = Release|Any CPU
	EndGlobalSection
	GlobalSection(SolutionProperties) = preSolution
		HideSolutionNode = FALSE
	EndGlobalSection
EndGlobal
